// !$*UTF8*$!
{
	archiveVersion = 1;
	classes = {
	};
	objectVersion = 56;
	objects = {

/* Begin PBXBuildFile section */
		ACB90FDD2BAC23940029DC83 /* AppDelegate.swift in Sources */ = {isa = PBXBuildFile; fileRef = ACB90FDC2BAC23940029DC83 /* AppDelegate.swift */; };
		ACB90FDF2BAC23940029DC83 /* SceneDelegate.swift in Sources */ = {isa = PBXBuildFile; fileRef = ACB90FDE2BAC23940029DC83 /* SceneDelegate.swift */; };
		ACB90FE62BAC23960029DC83 /* Assets.xcassets in Resources */ = {isa = PBXBuildFile; fileRef = ACB90FE52BAC23960029DC83 /* Assets.xcassets */; };
		ACB90FE92BAC23960029DC83 /* Base in Resources */ = {isa = PBXBuildFile; fileRef = ACB90FE82BAC23960029DC83 /* Base */; };
		ACB90FF42BAC23970029DC83 /* OpenWeatherAppTests.swift in Sources */ = {isa = PBXBuildFile; fileRef = ACB90FF32BAC23970029DC83 /* OpenWeatherAppTests.swift */; };
		ACB90FFE2BAC23970029DC83 /* OpenWeatherAppUITests.swift in Sources */ = {isa = PBXBuildFile; fileRef = ACB90FFD2BAC23970029DC83 /* OpenWeatherAppUITests.swift */; };
		ACB910002BAC23970029DC83 /* OpenWeatherAppUITestsLaunchTests.swift in Sources */ = {isa = PBXBuildFile; fileRef = ACB90FFF2BAC23970029DC83 /* OpenWeatherAppUITestsLaunchTests.swift */; };
		ACB910142BAC25960029DC83 /* WeatherViewController.swift in Sources */ = {isa = PBXBuildFile; fileRef = ACB910132BAC25960029DC83 /* WeatherViewController.swift */; };
		ACB910162BAC2A630029DC83 /* WeatherModel.swift in Sources */ = {isa = PBXBuildFile; fileRef = ACB910152BAC2A630029DC83 /* WeatherModel.swift */; };
		ACB910182BAC2A800029DC83 /* WeatherManager.swift in Sources */ = {isa = PBXBuildFile; fileRef = ACB910172BAC2A800029DC83 /* WeatherManager.swift */; };
		ACB9101A2BAC2A960029DC83 /* APISecret.swift in Sources */ = {isa = PBXBuildFile; fileRef = ACB910192BAC2A960029DC83 /* APISecret.swift */; };
		ACB9101D2BAC9AFD0029DC83 /* WeatherService.swift in Sources */ = {isa = PBXBuildFile; fileRef = ACB9101C2BAC9AFD0029DC83 /* WeatherService.swift */; };
/* End PBXBuildFile section */

/* Begin PBXContainerItemProxy section */
		ACB90FF02BAC23970029DC83 /* PBXContainerItemProxy */ = {
			isa = PBXContainerItemProxy;
			containerPortal = ACB90FD12BAC23940029DC83 /* Project object */;
			proxyType = 1;
			remoteGlobalIDString = ACB90FD82BAC23940029DC83;
			remoteInfo = OpenWeatherApp;
		};
		ACB90FFA2BAC23970029DC83 /* PBXContainerItemProxy */ = {
			isa = PBXContainerItemProxy;
			containerPortal = ACB90FD12BAC23940029DC83 /* Project object */;
			proxyType = 1;
			remoteGlobalIDString = ACB90FD82BAC23940029DC83;
			remoteInfo = OpenWeatherApp;
		};
/* End PBXContainerItemProxy section */

/* Begin PBXFileReference section */
		ACB90FD92BAC23940029DC83 /* OpenWeatherApp.app */ = {isa = PBXFileReference; explicitFileType = wrapper.application; includeInIndex = 0; path = OpenWeatherApp.app; sourceTree = BUILT_PRODUCTS_DIR; };
		ACB90FDC2BAC23940029DC83 /* AppDelegate.swift */ = {isa = PBXFileReference; lastKnownFileType = sourcecode.swift; path = AppDelegate.swift; sourceTree = "<group>"; };
		ACB90FDE2BAC23940029DC83 /* SceneDelegate.swift */ = {isa = PBXFileReference; lastKnownFileType = sourcecode.swift; path = SceneDelegate.swift; sourceTree = "<group>"; };
		ACB90FE52BAC23960029DC83 /* Assets.xcassets */ = {isa = PBXFileReference; lastKnownFileType = folder.assetcatalog; path = Assets.xcassets; sourceTree = "<group>"; };
		ACB90FE82BAC23960029DC83 /* Base */ = {isa = PBXFileReference; lastKnownFileType = file.storyboard; name = Base; path = Base.lproj/LaunchScreen.storyboard; sourceTree = "<group>"; };
		ACB90FEA2BAC23960029DC83 /* Info.plist */ = {isa = PBXFileReference; lastKnownFileType = text.plist.xml; path = Info.plist; sourceTree = "<group>"; };
		ACB90FEF2BAC23970029DC83 /* OpenWeatherAppTests.xctest */ = {isa = PBXFileReference; explicitFileType = wrapper.cfbundle; includeInIndex = 0; path = OpenWeatherAppTests.xctest; sourceTree = BUILT_PRODUCTS_DIR; };
		ACB90FF32BAC23970029DC83 /* OpenWeatherAppTests.swift */ = {isa = PBXFileReference; lastKnownFileType = sourcecode.swift; path = OpenWeatherAppTests.swift; sourceTree = "<group>"; };
		ACB90FF92BAC23970029DC83 /* OpenWeatherAppUITests.xctest */ = {isa = PBXFileReference; explicitFileType = wrapper.cfbundle; includeInIndex = 0; path = OpenWeatherAppUITests.xctest; sourceTree = BUILT_PRODUCTS_DIR; };
		ACB90FFD2BAC23970029DC83 /* OpenWeatherAppUITests.swift */ = {isa = PBXFileReference; lastKnownFileType = sourcecode.swift; path = OpenWeatherAppUITests.swift; sourceTree = "<group>"; };
		ACB90FFF2BAC23970029DC83 /* OpenWeatherAppUITestsLaunchTests.swift */ = {isa = PBXFileReference; lastKnownFileType = sourcecode.swift; path = OpenWeatherAppUITestsLaunchTests.swift; sourceTree = "<group>"; };
		ACB910132BAC25960029DC83 /* WeatherViewController.swift */ = {isa = PBXFileReference; lastKnownFileType = sourcecode.swift; path = WeatherViewController.swift; sourceTree = "<group>"; };
		ACB910152BAC2A630029DC83 /* WeatherModel.swift */ = {isa = PBXFileReference; lastKnownFileType = sourcecode.swift; path = WeatherModel.swift; sourceTree = "<group>"; };
		ACB910172BAC2A800029DC83 /* WeatherManager.swift */ = {isa = PBXFileReference; lastKnownFileType = sourcecode.swift; path = WeatherManager.swift; sourceTree = "<group>"; };
		ACB910192BAC2A960029DC83 /* APISecret.swift */ = {isa = PBXFileReference; lastKnownFileType = sourcecode.swift; path = APISecret.swift; sourceTree = "<group>"; };
		ACB9101C2BAC9AFD0029DC83 /* WeatherService.swift */ = {isa = PBXFileReference; lastKnownFileType = sourcecode.swift; path = WeatherService.swift; sourceTree = "<group>"; };
/* End PBXFileReference section */

/* Begin PBXFrameworksBuildPhase section */
		ACB90FD62BAC23940029DC83 /* Frameworks */ = {
			isa = PBXFrameworksBuildPhase;
			buildActionMask = 2147483647;
			files = (
			);
			runOnlyForDeploymentPostprocessing = 0;
		};
		ACB90FEC2BAC23970029DC83 /* Frameworks */ = {
			isa = PBXFrameworksBuildPhase;
			buildActionMask = 2147483647;
			files = (
			);
			runOnlyForDeploymentPostprocessing = 0;
		};
		ACB90FF62BAC23970029DC83 /* Frameworks */ = {
			isa = PBXFrameworksBuildPhase;
			buildActionMask = 2147483647;
			files = (
			);
			runOnlyForDeploymentPostprocessing = 0;
		};
/* End PBXFrameworksBuildPhase section */

/* Begin PBXGroup section */
		ACB90FD02BAC23940029DC83 = {
			isa = PBXGroup;
			children = (
				ACB90FDB2BAC23940029DC83 /* OpenWeatherApp */,
				ACB90FF22BAC23970029DC83 /* OpenWeatherAppTests */,
				ACB90FFC2BAC23970029DC83 /* OpenWeatherAppUITests */,
				ACB90FDA2BAC23940029DC83 /* Products */,
			);
			sourceTree = "<group>";
		};
		ACB90FDA2BAC23940029DC83 /* Products */ = {
			isa = PBXGroup;
			children = (
				ACB90FD92BAC23940029DC83 /* OpenWeatherApp.app */,
				ACB90FEF2BAC23970029DC83 /* OpenWeatherAppTests.xctest */,
				ACB90FF92BAC23970029DC83 /* OpenWeatherAppUITests.xctest */,
			);
			name = Products;
			sourceTree = "<group>";
		};
		ACB90FDB2BAC23940029DC83 /* OpenWeatherApp */ = {
			isa = PBXGroup;
			children = (
				ACB9101B2BAC9AE90029DC83 /* Services */,
				ACB910102BAC252B0029DC83 /* Model */,
				ACB910112BAC25310029DC83 /* View */,
				ACB910122BAC25360029DC83 /* Controller */,
				ACB9100E2BAC24AF0029DC83 /* Application */,
				ACB9100F2BAC24C60029DC83 /* Resources */,
			);
			path = OpenWeatherApp;
			sourceTree = "<group>";
		};
		ACB90FF22BAC23970029DC83 /* OpenWeatherAppTests */ = {
			isa = PBXGroup;
			children = (
				ACB90FF32BAC23970029DC83 /* OpenWeatherAppTests.swift */,
			);
			path = OpenWeatherAppTests;
			sourceTree = "<group>";
		};
		ACB90FFC2BAC23970029DC83 /* OpenWeatherAppUITests */ = {
			isa = PBXGroup;
			children = (
				ACB90FFD2BAC23970029DC83 /* OpenWeatherAppUITests.swift */,
				ACB90FFF2BAC23970029DC83 /* OpenWeatherAppUITestsLaunchTests.swift */,
			);
			path = OpenWeatherAppUITests;
			sourceTree = "<group>";
		};
		ACB9100E2BAC24AF0029DC83 /* Application */ = {
			isa = PBXGroup;
			children = (
				ACB90FDC2BAC23940029DC83 /* AppDelegate.swift */,
				ACB90FDE2BAC23940029DC83 /* SceneDelegate.swift */,
			);
			path = Application;
			sourceTree = "<group>";
		};
		ACB9100F2BAC24C60029DC83 /* Resources */ = {
			isa = PBXGroup;
			children = (
				ACB90FE52BAC23960029DC83 /* Assets.xcassets */,
				ACB90FE72BAC23960029DC83 /* LaunchScreen.storyboard */,
				ACB90FEA2BAC23960029DC83 /* Info.plist */,
			);
			path = Resources;
			sourceTree = "<group>";
		};
		ACB910102BAC252B0029DC83 /* Model */ = {
			isa = PBXGroup;
			children = (
				ACB910152BAC2A630029DC83 /* WeatherModel.swift */,
				ACB910172BAC2A800029DC83 /* WeatherManager.swift */,
				ACB910192BAC2A960029DC83 /* APISecret.swift */,
			);
			path = Model;
			sourceTree = "<group>";
		};
		ACB910112BAC25310029DC83 /* View */ = {
			isa = PBXGroup;
			children = (
			);
			path = View;
			sourceTree = "<group>";
		};
		ACB910122BAC25360029DC83 /* Controller */ = {
			isa = PBXGroup;
			children = (
				ACB910132BAC25960029DC83 /* WeatherViewController.swift */,
			);
			path = Controller;
			sourceTree = "<group>";
		};
		ACB9101B2BAC9AE90029DC83 /* Services */ = {
			isa = PBXGroup;
			children = (
				ACB9101C2BAC9AFD0029DC83 /* WeatherService.swift */,
			);
			path = Services;
			sourceTree = "<group>";
		};
/* End PBXGroup section */

/* Begin PBXNativeTarget section */
		ACB90FD82BAC23940029DC83 /* OpenWeatherApp */ = {
			isa = PBXNativeTarget;
			buildConfigurationList = ACB910032BAC23970029DC83 /* Build configuration list for PBXNativeTarget "OpenWeatherApp" */;
			buildPhases = (
				ACB90FD52BAC23940029DC83 /* Sources */,
				ACB90FD62BAC23940029DC83 /* Frameworks */,
				ACB90FD72BAC23940029DC83 /* Resources */,
			);
			buildRules = (
			);
			dependencies = (
			);
			name = OpenWeatherApp;
			productName = OpenWeatherApp;
			productReference = ACB90FD92BAC23940029DC83 /* OpenWeatherApp.app */;
			productType = "com.apple.product-type.application";
		};
		ACB90FEE2BAC23970029DC83 /* OpenWeatherAppTests */ = {
			isa = PBXNativeTarget;
			buildConfigurationList = ACB910062BAC23970029DC83 /* Build configuration list for PBXNativeTarget "OpenWeatherAppTests" */;
			buildPhases = (
				ACB90FEB2BAC23970029DC83 /* Sources */,
				ACB90FEC2BAC23970029DC83 /* Frameworks */,
				ACB90FED2BAC23970029DC83 /* Resources */,
			);
			buildRules = (
			);
			dependencies = (
				ACB90FF12BAC23970029DC83 /* PBXTargetDependency */,
			);
			name = OpenWeatherAppTests;
			productName = OpenWeatherAppTests;
			productReference = ACB90FEF2BAC23970029DC83 /* OpenWeatherAppTests.xctest */;
			productType = "com.apple.product-type.bundle.unit-test";
		};
		ACB90FF82BAC23970029DC83 /* OpenWeatherAppUITests */ = {
			isa = PBXNativeTarget;
			buildConfigurationList = ACB910092BAC23970029DC83 /* Build configuration list for PBXNativeTarget "OpenWeatherAppUITests" */;
			buildPhases = (
				ACB90FF52BAC23970029DC83 /* Sources */,
				ACB90FF62BAC23970029DC83 /* Frameworks */,
				ACB90FF72BAC23970029DC83 /* Resources */,
			);
			buildRules = (
			);
			dependencies = (
				ACB90FFB2BAC23970029DC83 /* PBXTargetDependency */,
			);
			name = OpenWeatherAppUITests;
			productName = OpenWeatherAppUITests;
			productReference = ACB90FF92BAC23970029DC83 /* OpenWeatherAppUITests.xctest */;
			productType = "com.apple.product-type.bundle.ui-testing";
		};
/* End PBXNativeTarget section */

/* Begin PBXProject section */
		ACB90FD12BAC23940029DC83 /* Project object */ = {
			isa = PBXProject;
			attributes = {
				BuildIndependentTargetsInParallel = 1;
				LastSwiftUpdateCheck = 1530;
				LastUpgradeCheck = 1530;
				TargetAttributes = {
					ACB90FD82BAC23940029DC83 = {
						CreatedOnToolsVersion = 15.3;
					};
					ACB90FEE2BAC23970029DC83 = {
						CreatedOnToolsVersion = 15.3;
						TestTargetID = ACB90FD82BAC23940029DC83;
					};
					ACB90FF82BAC23970029DC83 = {
						CreatedOnToolsVersion = 15.3;
						TestTargetID = ACB90FD82BAC23940029DC83;
					};
				};
			};
			buildConfigurationList = ACB90FD42BAC23940029DC83 /* Build configuration list for PBXProject "OpenWeatherApp" */;
			compatibilityVersion = "Xcode 14.0";
			developmentRegion = en;
			hasScannedForEncodings = 0;
			knownRegions = (
				en,
				Base,
			);
			mainGroup = ACB90FD02BAC23940029DC83;
			productRefGroup = ACB90FDA2BAC23940029DC83 /* Products */;
			projectDirPath = "";
			projectRoot = "";
			targets = (
				ACB90FD82BAC23940029DC83 /* OpenWeatherApp */,
				ACB90FEE2BAC23970029DC83 /* OpenWeatherAppTests */,
				ACB90FF82BAC23970029DC83 /* OpenWeatherAppUITests */,
			);
		};
/* End PBXProject section */

/* Begin PBXResourcesBuildPhase section */
		ACB90FD72BAC23940029DC83 /* Resources */ = {
			isa = PBXResourcesBuildPhase;
			buildActionMask = 2147483647;
			files = (
				ACB90FE62BAC23960029DC83 /* Assets.xcassets in Resources */,
				ACB90FE92BAC23960029DC83 /* Base in Resources */,
			);
			runOnlyForDeploymentPostprocessing = 0;
		};
		ACB90FED2BAC23970029DC83 /* Resources */ = {
			isa = PBXResourcesBuildPhase;
			buildActionMask = 2147483647;
			files = (
			);
			runOnlyForDeploymentPostprocessing = 0;
		};
		ACB90FF72BAC23970029DC83 /* Resources */ = {
			isa = PBXResourcesBuildPhase;
			buildActionMask = 2147483647;
			files = (
			);
			runOnlyForDeploymentPostprocessing = 0;
		};
/* End PBXResourcesBuildPhase section */

/* Begin PBXSourcesBuildPhase section */
		ACB90FD52BAC23940029DC83 /* Sources */ = {
			isa = PBXSourcesBuildPhase;
			buildActionMask = 2147483647;
			files = (
				ACB90FDD2BAC23940029DC83 /* AppDelegate.swift in Sources */,
				ACB910142BAC25960029DC83 /* WeatherViewController.swift in Sources */,
				ACB910182BAC2A800029DC83 /* WeatherManager.swift in Sources */,
				ACB910162BAC2A630029DC83 /* WeatherModel.swift in Sources */,
				ACB9101A2BAC2A960029DC83 /* APISecret.swift in Sources */,
				ACB90FDF2BAC23940029DC83 /* SceneDelegate.swift in Sources */,
				ACB9101D2BAC9AFD0029DC83 /* WeatherService.swift in Sources */,
			);
			runOnlyForDeploymentPostprocessing = 0;
		};
		ACB90FEB2BAC23970029DC83 /* Sources */ = {
			isa = PBXSourcesBuildPhase;
			buildActionMask = 2147483647;
			files = (
				ACB90FF42BAC23970029DC83 /* OpenWeatherAppTests.swift in Sources */,
			);
			runOnlyForDeploymentPostprocessing = 0;
		};
		ACB90FF52BAC23970029DC83 /* Sources */ = {
			isa = PBXSourcesBuildPhase;
			buildActionMask = 2147483647;
			files = (
				ACB90FFE2BAC23970029DC83 /* OpenWeatherAppUITests.swift in Sources */,
				ACB910002BAC23970029DC83 /* OpenWeatherAppUITestsLaunchTests.swift in Sources */,
			);
			runOnlyForDeploymentPostprocessing = 0;
		};
/* End PBXSourcesBuildPhase section */

/* Begin PBXTargetDependency section */
		ACB90FF12BAC23970029DC83 /* PBXTargetDependency */ = {
			isa = PBXTargetDependency;
			target = ACB90FD82BAC23940029DC83 /* OpenWeatherApp */;
			targetProxy = ACB90FF02BAC23970029DC83 /* PBXContainerItemProxy */;
		};
		ACB90FFB2BAC23970029DC83 /* PBXTargetDependency */ = {
			isa = PBXTargetDependency;
			target = ACB90FD82BAC23940029DC83 /* OpenWeatherApp */;
			targetProxy = ACB90FFA2BAC23970029DC83 /* PBXContainerItemProxy */;
		};
/* End PBXTargetDependency section */

/* Begin PBXVariantGroup section */
		ACB90FE72BAC23960029DC83 /* LaunchScreen.storyboard */ = {
			isa = PBXVariantGroup;
			children = (
				ACB90FE82BAC23960029DC83 /* Base */,
			);
			name = LaunchScreen.storyboard;
			sourceTree = "<group>";
		};
/* End PBXVariantGroup section */

/* Begin XCBuildConfiguration section */
		ACB910012BAC23970029DC83 /* Debug */ = {
			isa = XCBuildConfiguration;
			buildSettings = {
				ALWAYS_SEARCH_USER_PATHS = NO;
				ASSETCATALOG_COMPILER_GENERATE_SWIFT_ASSET_SYMBOL_EXTENSIONS = YES;
				CLANG_ANALYZER_NONNULL = YES;
				CLANG_ANALYZER_NUMBER_OBJECT_CONVERSION = YES_AGGRESSIVE;
				CLANG_CXX_LANGUAGE_STANDARD = "gnu++20";
				CLANG_ENABLE_MODULES = YES;
				CLANG_ENABLE_OBJC_ARC = YES;
				CLANG_ENABLE_OBJC_WEAK = YES;
				CLANG_WARN_BLOCK_CAPTURE_AUTORELEASING = YES;
				CLANG_WARN_BOOL_CONVERSION = YES;
				CLANG_WARN_COMMA = YES;
				CLANG_WARN_CONSTANT_CONVERSION = YES;
				CLANG_WARN_DEPRECATED_OBJC_IMPLEMENTATIONS = YES;
				CLANG_WARN_DIRECT_OBJC_ISA_USAGE = YES_ERROR;
				CLANG_WARN_DOCUMENTATION_COMMENTS = YES;
				CLANG_WARN_EMPTY_BODY = YES;
				CLANG_WARN_ENUM_CONVERSION = YES;
				CLANG_WARN_INFINITE_RECURSION = YES;
				CLANG_WARN_INT_CONVERSION = YES;
				CLANG_WARN_NON_LITERAL_NULL_CONVERSION = YES;
				CLANG_WARN_OBJC_IMPLICIT_RETAIN_SELF = YES;
				CLANG_WARN_OBJC_LITERAL_CONVERSION = YES;
				CLANG_WARN_OBJC_ROOT_CLASS = YES_ERROR;
				CLANG_WARN_QUOTED_INCLUDE_IN_FRAMEWORK_HEADER = YES;
				CLANG_WARN_RANGE_LOOP_ANALYSIS = YES;
				CLANG_WARN_STRICT_PROTOTYPES = YES;
				CLANG_WARN_SUSPICIOUS_MOVE = YES;
				CLANG_WARN_UNGUARDED_AVAILABILITY = YES_AGGRESSIVE;
				CLANG_WARN_UNREACHABLE_CODE = YES;
				CLANG_WARN__DUPLICATE_METHOD_MATCH = YES;
				COPY_PHASE_STRIP = NO;
				DEBUG_INFORMATION_FORMAT = dwarf;
				ENABLE_STRICT_OBJC_MSGSEND = YES;
				ENABLE_TESTABILITY = YES;
				ENABLE_USER_SCRIPT_SANDBOXING = YES;
				GCC_C_LANGUAGE_STANDARD = gnu17;
				GCC_DYNAMIC_NO_PIC = NO;
				GCC_NO_COMMON_BLOCKS = YES;
				GCC_OPTIMIZATION_LEVEL = 0;
				GCC_PREPROCESSOR_DEFINITIONS = (
					"DEBUG=1",
					"$(inherited)",
				);
				GCC_WARN_64_TO_32_BIT_CONVERSION = YES;
				GCC_WARN_ABOUT_RETURN_TYPE = YES_ERROR;
				GCC_WARN_UNDECLARED_SELECTOR = YES;
				GCC_WARN_UNINITIALIZED_AUTOS = YES_AGGRESSIVE;
				GCC_WARN_UNUSED_FUNCTION = YES;
				GCC_WARN_UNUSED_VARIABLE = YES;
				IPHONEOS_DEPLOYMENT_TARGET = 17.4;
				LOCALIZATION_PREFERS_STRING_CATALOGS = YES;
				MTL_ENABLE_DEBUG_INFO = INCLUDE_SOURCE;
				MTL_FAST_MATH = YES;
				ONLY_ACTIVE_ARCH = YES;
				SDKROOT = iphoneos;
				SWIFT_ACTIVE_COMPILATION_CONDITIONS = "DEBUG $(inherited)";
				SWIFT_OPTIMIZATION_LEVEL = "-Onone";
			};
			name = Debug;
		};
		ACB910022BAC23970029DC83 /* Release */ = {
			isa = XCBuildConfiguration;
			buildSettings = {
				ALWAYS_SEARCH_USER_PATHS = NO;
				ASSETCATALOG_COMPILER_GENERATE_SWIFT_ASSET_SYMBOL_EXTENSIONS = YES;
				CLANG_ANALYZER_NONNULL = YES;
				CLANG_ANALYZER_NUMBER_OBJECT_CONVERSION = YES_AGGRESSIVE;
				CLANG_CXX_LANGUAGE_STANDARD = "gnu++20";
				CLANG_ENABLE_MODULES = YES;
				CLANG_ENABLE_OBJC_ARC = YES;
				CLANG_ENABLE_OBJC_WEAK = YES;
				CLANG_WARN_BLOCK_CAPTURE_AUTORELEASING = YES;
				CLANG_WARN_BOOL_CONVERSION = YES;
				CLANG_WARN_COMMA = YES;
				CLANG_WARN_CONSTANT_CONVERSION = YES;
				CLANG_WARN_DEPRECATED_OBJC_IMPLEMENTATIONS = YES;
				CLANG_WARN_DIRECT_OBJC_ISA_USAGE = YES_ERROR;
				CLANG_WARN_DOCUMENTATION_COMMENTS = YES;
				CLANG_WARN_EMPTY_BODY = YES;
				CLANG_WARN_ENUM_CONVERSION = YES;
				CLANG_WARN_INFINITE_RECURSION = YES;
				CLANG_WARN_INT_CONVERSION = YES;
				CLANG_WARN_NON_LITERAL_NULL_CONVERSION = YES;
				CLANG_WARN_OBJC_IMPLICIT_RETAIN_SELF = YES;
				CLANG_WARN_OBJC_LITERAL_CONVERSION = YES;
				CLANG_WARN_OBJC_ROOT_CLASS = YES_ERROR;
				CLANG_WARN_QUOTED_INCLUDE_IN_FRAMEWORK_HEADER = YES;
				CLANG_WARN_RANGE_LOOP_ANALYSIS = YES;
				CLANG_WARN_STRICT_PROTOTYPES = YES;
				CLANG_WARN_SUSPICIOUS_MOVE = YES;
				CLANG_WARN_UNGUARDED_AVAILABILITY = YES_AGGRESSIVE;
				CLANG_WARN_UNREACHABLE_CODE = YES;
				CLANG_WARN__DUPLICATE_METHOD_MATCH = YES;
				COPY_PHASE_STRIP = NO;
				DEBUG_INFORMATION_FORMAT = "dwarf-with-dsym";
				ENABLE_NS_ASSERTIONS = NO;
				ENABLE_STRICT_OBJC_MSGSEND = YES;
				ENABLE_USER_SCRIPT_SANDBOXING = YES;
				GCC_C_LANGUAGE_STANDARD = gnu17;
				GCC_NO_COMMON_BLOCKS = YES;
				GCC_WARN_64_TO_32_BIT_CONVERSION = YES;
				GCC_WARN_ABOUT_RETURN_TYPE = YES_ERROR;
				GCC_WARN_UNDECLARED_SELECTOR = YES;
				GCC_WARN_UNINITIALIZED_AUTOS = YES_AGGRESSIVE;
				GCC_WARN_UNUSED_FUNCTION = YES;
				GCC_WARN_UNUSED_VARIABLE = YES;
				IPHONEOS_DEPLOYMENT_TARGET = 17.4;
				LOCALIZATION_PREFERS_STRING_CATALOGS = YES;
				MTL_ENABLE_DEBUG_INFO = NO;
				MTL_FAST_MATH = YES;
				SDKROOT = iphoneos;
				SWIFT_COMPILATION_MODE = wholemodule;
				VALIDATE_PRODUCT = YES;
			};
			name = Release;
		};
		ACB910042BAC23970029DC83 /* Debug */ = {
			isa = XCBuildConfiguration;
			buildSettings = {
				ASSETCATALOG_COMPILER_APPICON_NAME = AppIcon;
				ASSETCATALOG_COMPILER_GLOBAL_ACCENT_COLOR_NAME = AccentColor;
				CODE_SIGN_STYLE = Automatic;
				CURRENT_PROJECT_VERSION = 1;
				DEVELOPMENT_TEAM = WFX9Z8Q7WY;
				GENERATE_INFOPLIST_FILE = YES;
				INFOPLIST_FILE = OpenWeatherApp/Resources/Info.plist;
				INFOPLIST_KEY_NSLocationWhenInUseUsageDescription = "We need to access your location to determine the weather.";
				INFOPLIST_KEY_UIApplicationSupportsIndirectInputEvents = YES;
				INFOPLIST_KEY_UILaunchStoryboardName = LaunchScreen;
				INFOPLIST_KEY_UIMainStoryboardFile = "";
				INFOPLIST_KEY_UISupportedInterfaceOrientations_iPad = "UIInterfaceOrientationPortrait UIInterfaceOrientationPortraitUpsideDown UIInterfaceOrientationLandscapeLeft UIInterfaceOrientationLandscapeRight";
				INFOPLIST_KEY_UISupportedInterfaceOrientations_iPhone = "UIInterfaceOrientationPortrait UIInterfaceOrientationLandscapeLeft UIInterfaceOrientationLandscapeRight";
				LD_RUNPATH_SEARCH_PATHS = (
					"$(inherited)",
					"@executable_path/Frameworks",
				);
				MARKETING_VERSION = 1.0;
				PRODUCT_BUNDLE_IDENTIFIER = vasiario.OpenWeatherApp;
				PRODUCT_NAME = "$(TARGET_NAME)";
				SWIFT_EMIT_LOC_STRINGS = YES;
				SWIFT_VERSION = 5.0;
				TARGETED_DEVICE_FAMILY = "1,2";
			};
			name = Debug;
		};
		ACB910052BAC23970029DC83 /* Release */ = {
			isa = XCBuildConfiguration;
			buildSettings = {
				ASSETCATALOG_COMPILER_APPICON_NAME = AppIcon;
				ASSETCATALOG_COMPILER_GLOBAL_ACCENT_COLOR_NAME = AccentColor;
				CODE_SIGN_STYLE = Automatic;
				CURRENT_PROJECT_VERSION = 1;
				DEVELOPMENT_TEAM = WFX9Z8Q7WY;
				GENERATE_INFOPLIST_FILE = YES;
				INFOPLIST_FILE = OpenWeatherApp/Resources/Info.plist;
				INFOPLIST_KEY_NSLocationWhenInUseUsageDescription = "We need to access your location to determine the weather.";
				INFOPLIST_KEY_UIApplicationSupportsIndirectInputEvents = YES;
				INFOPLIST_KEY_UILaunchStoryboardName = LaunchScreen;
				INFOPLIST_KEY_UIMainStoryboardFile = "";
				INFOPLIST_KEY_UISupportedInterfaceOrientations_iPad = "UIInterfaceOrientationPortrait UIInterfaceOrientationPortraitUpsideDown UIInterfaceOrientationLandscapeLeft UIInterfaceOrientationLandscapeRight";
				INFOPLIST_KEY_UISupportedInterfaceOrientations_iPhone = "UIInterfaceOrientationPortrait UIInterfaceOrientationLandscapeLeft UIInterfaceOrientationLandscapeRight";
				LD_RUNPATH_SEARCH_PATHS = (
					"$(inherited)",
					"@executable_path/Frameworks",
				);
				MARKETING_VERSION = 1.0;
				PRODUCT_BUNDLE_IDENTIFIER = vasiario.OpenWeatherApp;
				PRODUCT_NAME = "$(TARGET_NAME)";
				SWIFT_EMIT_LOC_STRINGS = YES;
				SWIFT_VERSION = 5.0;
				TARGETED_DEVICE_FAMILY = "1,2";
			};
			name = Release;
		};
		ACB910072BAC23970029DC83 /* Debug */ = {
			isa = XCBuildConfiguration;
			buildSettings = {
				ALWAYS_EMBED_SWIFT_STANDARD_LIBRARIES = YES;
				BUNDLE_LOADER = "$(TEST_HOST)";
				CODE_SIGN_STYLE = Automatic;
				CURRENT_PROJECT_VERSION = 1;
				DEVELOPMENT_TEAM = WFX9Z8Q7WY;
				GENERATE_INFOPLIST_FILE = YES;
				IPHONEOS_DEPLOYMENT_TARGET = 17.4;
				MARKETING_VERSION = 1.0;
				PRODUCT_BUNDLE_IDENTIFIER = vasiario.OpenWeatherAppTests;
				PRODUCT_NAME = "$(TARGET_NAME)";
				SWIFT_EMIT_LOC_STRINGS = NO;
				SWIFT_VERSION = 5.0;
				TARGETED_DEVICE_FAMILY = "1,2";
				TEST_HOST = "$(BUILT_PRODUCTS_DIR)/OpenWeatherApp.app/$(BUNDLE_EXECUTABLE_FOLDER_PATH)/OpenWeatherApp";
			};
			name = Debug;
		};
		ACB910082BAC23970029DC83 /* Release */ = {
			isa = XCBuildConfiguration;
			buildSettings = {
				ALWAYS_EMBED_SWIFT_STANDARD_LIBRARIES = YES;
				BUNDLE_LOADER = "$(TEST_HOST)";
				CODE_SIGN_STYLE = Automatic;
				CURRENT_PROJECT_VERSION = 1;
				DEVELOPMENT_TEAM = WFX9Z8Q7WY;
				GENERATE_INFOPLIST_FILE = YES;
				IPHONEOS_DEPLOYMENT_TARGET = 17.4;
				MARKETING_VERSION = 1.0;
				PRODUCT_BUNDLE_IDENTIFIER = vasiario.OpenWeatherAppTests;
				PRODUCT_NAME = "$(TARGET_NAME)";
				SWIFT_EMIT_LOC_STRINGS = NO;
				SWIFT_VERSION = 5.0;
				TARGETED_DEVICE_FAMILY = "1,2";
				TEST_HOST = "$(BUILT_PRODUCTS_DIR)/OpenWeatherApp.app/$(BUNDLE_EXECUTABLE_FOLDER_PATH)/OpenWeatherApp";
			};
			name = Release;
		};
		ACB9100A2BAC23970029DC83 /* Debug */ = {
			isa = XCBuildConfiguration;
			buildSettings = {
				ALWAYS_EMBED_SWIFT_STANDARD_LIBRARIES = YES;
				CODE_SIGN_STYLE = Automatic;
				CURRENT_PROJECT_VERSION = 1;
				DEVELOPMENT_TEAM = WFX9Z8Q7WY;
				GENERATE_INFOPLIST_FILE = YES;
				MARKETING_VERSION = 1.0;
				PRODUCT_BUNDLE_IDENTIFIER = vasiario.OpenWeatherAppUITests;
				PRODUCT_NAME = "$(TARGET_NAME)";
				SWIFT_EMIT_LOC_STRINGS = NO;
				SWIFT_VERSION = 5.0;
				TARGETED_DEVICE_FAMILY = "1,2";
				TEST_TARGET_NAME = OpenWeatherApp;
			};
			name = Debug;
		};
		ACB9100B2BAC23970029DC83 /* Release */ = {
			isa = XCBuildConfiguration;
			buildSettings = {
				ALWAYS_EMBED_SWIFT_STANDARD_LIBRARIES = YES;
				CODE_SIGN_STYLE = Automatic;
				CURRENT_PROJECT_VERSION = 1;
				DEVELOPMENT_TEAM = WFX9Z8Q7WY;
				GENERATE_INFOPLIST_FILE = YES;
				MARKETING_VERSION = 1.0;
				PRODUCT_BUNDLE_IDENTIFIER = vasiario.OpenWeatherAppUITests;
				PRODUCT_NAME = "$(TARGET_NAME)";
				SWIFT_EMIT_LOC_STRINGS = NO;
				SWIFT_VERSION = 5.0;
				TARGETED_DEVICE_FAMILY = "1,2";
				TEST_TARGET_NAME = OpenWeatherApp;
			};
			name = Release;
		};
/* End XCBuildConfiguration section */

/* Begin XCConfigurationList section */
		ACB90FD42BAC23940029DC83 /* Build configuration list for PBXProject "OpenWeatherApp" */ = {
			isa = XCConfigurationList;
			buildConfigurations = (
				ACB910012BAC23970029DC83 /* Debug */,
				ACB910022BAC23970029DC83 /* Release */,
			);
			defaultConfigurationIsVisible = 0;
			defaultConfigurationName = Release;
		};
		ACB910032BAC23970029DC83 /* Build configuration list for PBXNativeTarget "OpenWeatherApp" */ = {
			isa = XCConfigurationList;
			buildConfigurations = (
				ACB910042BAC23970029DC83 /* Debug */,
				ACB910052BAC23970029DC83 /* Release */,
			);
			defaultConfigurationIsVisible = 0;
			defaultConfigurationName = Release;
		};
		ACB910062BAC23970029DC83 /* Build configuration list for PBXNativeTarget "OpenWeatherAppTests" */ = {
			isa = XCConfigurationList;
			buildConfigurations = (
				ACB910072BAC23970029DC83 /* Debug */,
				ACB910082BAC23970029DC83 /* Release */,
			);
			defaultConfigurationIsVisible = 0;
			defaultConfigurationName = Release;
		};
		ACB910092BAC23970029DC83 /* Build configuration list for PBXNativeTarget "OpenWeatherAppUITests" */ = {
			isa = XCConfigurationList;
			buildConfigurations = (
				ACB9100A2BAC23970029DC83 /* Debug */,
				ACB9100B2BAC23970029DC83 /* Release */,
			);
			defaultConfigurationIsVisible = 0;
			defaultConfigurationName = Release;
		};
/* End XCConfigurationList section */
	};
	rootObject = ACB90FD12BAC23940029DC83 /* Project object */;
}
